// !$*UTF8*$!
{
	archiveVersion = 1;
	classes = {
	};
	objectVersion = 56;
	objects = {

/* Begin PBXBuildFile section */
		EA5F17D02A29356F007C1817 /* Bowling_ScoresApp.swift in Sources */ = {isa = PBXBuildFile; fileRef = EA5F17CF2A29356F007C1817 /* Bowling_ScoresApp.swift */; };
		EA5F17D22A29356F007C1817 /* ContentView.swift in Sources */ = {isa = PBXBuildFile; fileRef = EA5F17D12A29356F007C1817 /* ContentView.swift */; };
		EA5F17D42A29356F007C1817 /* Assets.xcassets in Resources */ = {isa = PBXBuildFile; fileRef = EA5F17D32A29356F007C1817 /* Assets.xcassets */; };
		EA5F17D72A29356F007C1817 /* Preview Assets.xcassets in Resources */ = {isa = PBXBuildFile; fileRef = EA5F17D62A29356F007C1817 /* Preview Assets.xcassets */; };
		EA5F17E12A293570007C1817 /* Bowling_ScoresTests.swift in Sources */ = {isa = PBXBuildFile; fileRef = EA5F17E02A293570007C1817 /* Bowling_ScoresTests.swift */; };
		EA5F17EB2A293570007C1817 /* Bowling_ScoresUITests.swift in Sources */ = {isa = PBXBuildFile; fileRef = EA5F17EA2A293570007C1817 /* Bowling_ScoresUITests.swift */; };
		EA5F17ED2A293570007C1817 /* Bowling_ScoresUITestsLaunchTests.swift in Sources */ = {isa = PBXBuildFile; fileRef = EA5F17EC2A293570007C1817 /* Bowling_ScoresUITestsLaunchTests.swift */; };
		EA5F17FA2A2AA138007C1817 /* .github in Resources */ = {isa = PBXBuildFile; fileRef = EA5F17F92A2AA138007C1817 /* .github */; };
		EA5F17FC2A2AA158007C1817 /* Bowling ScoresUITestCS3260.swift in Sources */ = {isa = PBXBuildFile; fileRef = EA5F17FB2A2AA158007C1817 /* Bowling ScoresUITestCS3260.swift */; };
/* End PBXBuildFile section */

/* Begin PBXContainerItemProxy section */
		EA5F17DD2A293570007C1817 /* PBXContainerItemProxy */ = {
			isa = PBXContainerItemProxy;
			containerPortal = EA5F17C42A29356F007C1817 /* Project object */;
			proxyType = 1;
			remoteGlobalIDString = EA5F17CB2A29356F007C1817;
			remoteInfo = "Bowling Scores";
		};
		EA5F17E72A293570007C1817 /* PBXContainerItemProxy */ = {
			isa = PBXContainerItemProxy;
			containerPortal = EA5F17C42A29356F007C1817 /* Project object */;
			proxyType = 1;
			remoteGlobalIDString = EA5F17CB2A29356F007C1817;
			remoteInfo = "Bowling Scores";
		};
/* End PBXContainerItemProxy section */

/* Begin PBXFileReference section */
		EA5F17CC2A29356F007C1817 /* Bowling Scores.app */ = {isa = PBXFileReference; explicitFileType = wrapper.application; includeInIndex = 0; path = "Bowling Scores.app"; sourceTree = BUILT_PRODUCTS_DIR; };
		EA5F17CF2A29356F007C1817 /* Bowling_ScoresApp.swift */ = {isa = PBXFileReference; lastKnownFileType = sourcecode.swift; path = Bowling_ScoresApp.swift; sourceTree = "<group>"; };
		EA5F17D12A29356F007C1817 /* ContentView.swift */ = {isa = PBXFileReference; lastKnownFileType = sourcecode.swift; path = ContentView.swift; sourceTree = "<group>"; };
		EA5F17D32A29356F007C1817 /* Assets.xcassets */ = {isa = PBXFileReference; lastKnownFileType = folder.assetcatalog; path = Assets.xcassets; sourceTree = "<group>"; };
		EA5F17D62A29356F007C1817 /* Preview Assets.xcassets */ = {isa = PBXFileReference; lastKnownFileType = folder.assetcatalog; path = "Preview Assets.xcassets"; sourceTree = "<group>"; };
		EA5F17DC2A293570007C1817 /* Bowling ScoresTests.xctest */ = {isa = PBXFileReference; explicitFileType = wrapper.cfbundle; includeInIndex = 0; path = "Bowling ScoresTests.xctest"; sourceTree = BUILT_PRODUCTS_DIR; };
		EA5F17E02A293570007C1817 /* Bowling_ScoresTests.swift */ = {isa = PBXFileReference; lastKnownFileType = sourcecode.swift; path = Bowling_ScoresTests.swift; sourceTree = "<group>"; };
		EA5F17E62A293570007C1817 /* Bowling ScoresUITests.xctest */ = {isa = PBXFileReference; explicitFileType = wrapper.cfbundle; includeInIndex = 0; path = "Bowling ScoresUITests.xctest"; sourceTree = BUILT_PRODUCTS_DIR; };
		EA5F17EA2A293570007C1817 /* Bowling_ScoresUITests.swift */ = {isa = PBXFileReference; lastKnownFileType = sourcecode.swift; path = Bowling_ScoresUITests.swift; sourceTree = "<group>"; };
		EA5F17EC2A293570007C1817 /* Bowling_ScoresUITestsLaunchTests.swift */ = {isa = PBXFileReference; lastKnownFileType = sourcecode.swift; path = Bowling_ScoresUITestsLaunchTests.swift; sourceTree = "<group>"; };
		EA5F17F92A2AA138007C1817 /* .github */ = {isa = PBXFileReference; lastKnownFileType = folder; path = .github; sourceTree = "<group>"; };
		EA5F17FB2A2AA158007C1817 /* Bowling ScoresUITestCS3260.swift */ = {isa = PBXFileReference; fileEncoding = 4; lastKnownFileType = sourcecode.swift; path = "Bowling ScoresUITestCS3260.swift"; sourceTree = SOURCE_ROOT; };
/* End PBXFileReference section */

/* Begin PBXFrameworksBuildPhase section */
		EA5F17C92A29356F007C1817 /* Frameworks */ = {
			isa = PBXFrameworksBuildPhase;
			buildActionMask = 2147483647;
			files = (
			);
			runOnlyForDeploymentPostprocessing = 0;
		};
		EA5F17D92A293570007C1817 /* Frameworks */ = {
			isa = PBXFrameworksBuildPhase;
			buildActionMask = 2147483647;
			files = (
			);
			runOnlyForDeploymentPostprocessing = 0;
		};
		EA5F17E32A293570007C1817 /* Frameworks */ = {
			isa = PBXFrameworksBuildPhase;
			buildActionMask = 2147483647;
			files = (
			);
			runOnlyForDeploymentPostprocessing = 0;
		};
/* End PBXFrameworksBuildPhase section */

/* Begin PBXGroup section */
		EA5F17C32A29356F007C1817 = {
			isa = PBXGroup;
			children = (
				EA5F17F92A2AA138007C1817 /* .github */,
				EA5F17CE2A29356F007C1817 /* Bowling Scores */,
				EA5F17DF2A293570007C1817 /* Bowling ScoresTests */,
				EA5F17E92A293570007C1817 /* Bowling ScoresUITests */,
				EA5F17CD2A29356F007C1817 /* Products */,
			);
			sourceTree = "<group>";
		};
		EA5F17CD2A29356F007C1817 /* Products */ = {
			isa = PBXGroup;
			children = (
				EA5F17CC2A29356F007C1817 /* Bowling Scores.app */,
				EA5F17DC2A293570007C1817 /* Bowling ScoresTests.xctest */,
				EA5F17E62A293570007C1817 /* Bowling ScoresUITests.xctest */,
			);
			name = Products;
			sourceTree = "<group>";
		};
		EA5F17CE2A29356F007C1817 /* Bowling Scores */ = {
			isa = PBXGroup;
			children = (
				EA5F17CF2A29356F007C1817 /* Bowling_ScoresApp.swift */,
				EA5F17D12A29356F007C1817 /* ContentView.swift */,
				EA5F17D32A29356F007C1817 /* Assets.xcassets */,
				EA5F17D52A29356F007C1817 /* Preview Content */,
			);
			path = "Bowling Scores";
			sourceTree = "<group>";
		};
		EA5F17D52A29356F007C1817 /* Preview Content */ = {
			isa = PBXGroup;
			children = (
				EA5F17D62A29356F007C1817 /* Preview Assets.xcassets */,
			);
			path = "Preview Content";
			sourceTree = "<group>";
		};
		EA5F17DF2A293570007C1817 /* Bowling ScoresTests */ = {
			isa = PBXGroup;
			children = (
				EA5F17E02A293570007C1817 /* Bowling_ScoresTests.swift */,
			);
			path = "Bowling ScoresTests";
			sourceTree = "<group>";
		};
		EA5F17E92A293570007C1817 /* Bowling ScoresUITests */ = {
			isa = PBXGroup;
			children = (
				EA5F17EA2A293570007C1817 /* Bowling_ScoresUITests.swift */,
				EA5F17EC2A293570007C1817 /* Bowling_ScoresUITestsLaunchTests.swift */,
				EA5F17FB2A2AA158007C1817 /* Bowling ScoresUITestCS3260.swift */,
			);
			path = "Bowling ScoresUITests";
			sourceTree = "<group>";
		};
/* End PBXGroup section */

/* Begin PBXNativeTarget section */
		EA5F17CB2A29356F007C1817 /* Bowling Scores */ = {
			isa = PBXNativeTarget;
			buildConfigurationList = EA5F17F02A293570007C1817 /* Build configuration list for PBXNativeTarget "Bowling Scores" */;
			buildPhases = (
				EA5F17C82A29356F007C1817 /* Sources */,
				EA5F17C92A29356F007C1817 /* Frameworks */,
				EA5F17CA2A29356F007C1817 /* Resources */,
			);
			buildRules = (
			);
			dependencies = (
			);
			name = "Bowling Scores";
			productName = "Bowling Scores";
			productReference = EA5F17CC2A29356F007C1817 /* Bowling Scores.app */;
			productType = "com.apple.product-type.application";
		};
		EA5F17DB2A293570007C1817 /* Bowling ScoresTests */ = {
			isa = PBXNativeTarget;
			buildConfigurationList = EA5F17F32A293570007C1817 /* Build configuration list for PBXNativeTarget "Bowling ScoresTests" */;
			buildPhases = (
				EA5F17D82A293570007C1817 /* Sources */,
				EA5F17D92A293570007C1817 /* Frameworks */,
				EA5F17DA2A293570007C1817 /* Resources */,
			);
			buildRules = (
			);
			dependencies = (
				EA5F17DE2A293570007C1817 /* PBXTargetDependency */,
			);
			name = "Bowling ScoresTests";
			productName = "Bowling ScoresTests";
			productReference = EA5F17DC2A293570007C1817 /* Bowling ScoresTests.xctest */;
			productType = "com.apple.product-type.bundle.unit-test";
		};
		EA5F17E52A293570007C1817 /* Bowling ScoresUITests */ = {
			isa = PBXNativeTarget;
			buildConfigurationList = EA5F17F62A293570007C1817 /* Build configuration list for PBXNativeTarget "Bowling ScoresUITests" */;
			buildPhases = (
				EA5F17E22A293570007C1817 /* Sources */,
				EA5F17E32A293570007C1817 /* Frameworks */,
				EA5F17E42A293570007C1817 /* Resources */,
			);
			buildRules = (
			);
			dependencies = (
				EA5F17E82A293570007C1817 /* PBXTargetDependency */,
			);
			name = "Bowling ScoresUITests";
			productName = "Bowling ScoresUITests";
			productReference = EA5F17E62A293570007C1817 /* Bowling ScoresUITests.xctest */;
			productType = "com.apple.product-type.bundle.ui-testing";
		};
/* End PBXNativeTarget section */

/* Begin PBXProject section */
		EA5F17C42A29356F007C1817 /* Project object */ = {
			isa = PBXProject;
			attributes = {
				BuildIndependentTargetsInParallel = 1;
				LastSwiftUpdateCheck = 1430;
				LastUpgradeCheck = 1430;
				TargetAttributes = {
					EA5F17CB2A29356F007C1817 = {
						CreatedOnToolsVersion = 14.3;
					};
					EA5F17DB2A293570007C1817 = {
						CreatedOnToolsVersion = 14.3;
						TestTargetID = EA5F17CB2A29356F007C1817;
					};
					EA5F17E52A293570007C1817 = {
						CreatedOnToolsVersion = 14.3;
						TestTargetID = EA5F17CB2A29356F007C1817;
					};
				};
			};
			buildConfigurationList = EA5F17C72A29356F007C1817 /* Build configuration list for PBXProject "Bowling Scores" */;
			compatibilityVersion = "Xcode 14.0";
			developmentRegion = en;
			hasScannedForEncodings = 0;
			knownRegions = (
				en,
				Base,
			);
			mainGroup = EA5F17C32A29356F007C1817;
			productRefGroup = EA5F17CD2A29356F007C1817 /* Products */;
			projectDirPath = "";
			projectRoot = "";
			targets = (
				EA5F17CB2A29356F007C1817 /* Bowling Scores */,
				EA5F17DB2A293570007C1817 /* Bowling ScoresTests */,
				EA5F17E52A293570007C1817 /* Bowling ScoresUITests */,
			);
		};
/* End PBXProject section */

/* Begin PBXResourcesBuildPhase section */
		EA5F17CA2A29356F007C1817 /* Resources */ = {
			isa = PBXResourcesBuildPhase;
			buildActionMask = 2147483647;
			files = (
				EA5F17FA2A2AA138007C1817 /* .github in Resources */,
				EA5F17D72A29356F007C1817 /* Preview Assets.xcassets in Resources */,
				EA5F17D42A29356F007C1817 /* Assets.xcassets in Resources */,
			);
			runOnlyForDeploymentPostprocessing = 0;
		};
		EA5F17DA2A293570007C1817 /* Resources */ = {
			isa = PBXResourcesBuildPhase;
			buildActionMask = 2147483647;
			files = (
			);
			runOnlyForDeploymentPostprocessing = 0;
		};
		EA5F17E42A293570007C1817 /* Resources */ = {
			isa = PBXResourcesBuildPhase;
			buildActionMask = 2147483647;
			files = (
			);
			runOnlyForDeploymentPostprocessing = 0;
		};
/* End PBXResourcesBuildPhase section */

/* Begin PBXSourcesBuildPhase section */
		EA5F17C82A29356F007C1817 /* Sources */ = {
			isa = PBXSourcesBuildPhase;
			buildActionMask = 2147483647;
			files = (
				EA5F17D22A29356F007C1817 /* ContentView.swift in Sources */,
				EA5F17D02A29356F007C1817 /* Bowling_ScoresApp.swift in Sources */,
			);
			runOnlyForDeploymentPostprocessing = 0;
		};
		EA5F17D82A293570007C1817 /* Sources */ = {
			isa = PBXSourcesBuildPhase;
			buildActionMask = 2147483647;
			files = (
				EA5F17E12A293570007C1817 /* Bowling_ScoresTests.swift in Sources */,
			);
			runOnlyForDeploymentPostprocessing = 0;
		};
		EA5F17E22A293570007C1817 /* Sources */ = {
			isa = PBXSourcesBuildPhase;
			buildActionMask = 2147483647;
			files = (
				EA5F17ED2A293570007C1817 /* Bowling_ScoresUITestsLaunchTests.swift in Sources */,
				EA5F17EB2A293570007C1817 /* Bowling_ScoresUITests.swift in Sources */,
				EA5F17FC2A2AA158007C1817 /* Bowling ScoresUITestCS3260.swift in Sources */,
			);
			runOnlyForDeploymentPostprocessing = 0;
		};
/* End PBXSourcesBuildPhase section */

/* Begin PBXTargetDependency section */
		EA5F17DE2A293570007C1817 /* PBXTargetDependency */ = {
			isa = PBXTargetDependency;
			target = EA5F17CB2A29356F007C1817 /* Bowling Scores */;
			targetProxy = EA5F17DD2A293570007C1817 /* PBXContainerItemProxy */;
		};
		EA5F17E82A293570007C1817 /* PBXTargetDependency */ = {
			isa = PBXTargetDependency;
			target = EA5F17CB2A29356F007C1817 /* Bowling Scores */;
			targetProxy = EA5F17E72A293570007C1817 /* PBXContainerItemProxy */;
		};
/* End PBXTargetDependency section */

/* Begin XCBuildConfiguration section */
		EA5F17EE2A293570007C1817 /* Debug */ = {
			isa = XCBuildConfiguration;
			buildSettings = {
				ALWAYS_SEARCH_USER_PATHS = NO;
				CLANG_ANALYZER_NONNULL = YES;
				CLANG_ANALYZER_NUMBER_OBJECT_CONVERSION = YES_AGGRESSIVE;
				CLANG_CXX_LANGUAGE_STANDARD = "gnu++20";
				CLANG_ENABLE_MODULES = YES;
				CLANG_ENABLE_OBJC_ARC = YES;
				CLANG_ENABLE_OBJC_WEAK = YES;
				CLANG_WARN_BLOCK_CAPTURE_AUTORELEASING = YES;
				CLANG_WARN_BOOL_CONVERSION = YES;
				CLANG_WARN_COMMA = YES;
				CLANG_WARN_CONSTANT_CONVERSION = YES;
				CLANG_WARN_DEPRECATED_OBJC_IMPLEMENTATIONS = YES;
				CLANG_WARN_DIRECT_OBJC_ISA_USAGE = YES_ERROR;
				CLANG_WARN_DOCUMENTATION_COMMENTS = YES;
				CLANG_WARN_EMPTY_BODY = YES;
				CLANG_WARN_ENUM_CONVERSION = YES;
				CLANG_WARN_INFINITE_RECURSION = YES;
				CLANG_WARN_INT_CONVERSION = YES;
				CLANG_WARN_NON_LITERAL_NULL_CONVERSION = YES;
				CLANG_WARN_OBJC_IMPLICIT_RETAIN_SELF = YES;
				CLANG_WARN_OBJC_LITERAL_CONVERSION = YES;
				CLANG_WARN_OBJC_ROOT_CLASS = YES_ERROR;
				CLANG_WARN_QUOTED_INCLUDE_IN_FRAMEWORK_HEADER = YES;
				CLANG_WARN_RANGE_LOOP_ANALYSIS = YES;
				CLANG_WARN_STRICT_PROTOTYPES = YES;
				CLANG_WARN_SUSPICIOUS_MOVE = YES;
				CLANG_WARN_UNGUARDED_AVAILABILITY = YES_AGGRESSIVE;
				CLANG_WARN_UNREACHABLE_CODE = YES;
				CLANG_WARN__DUPLICATE_METHOD_MATCH = YES;
				COPY_PHASE_STRIP = NO;
				DEBUG_INFORMATION_FORMAT = dwarf;
				ENABLE_STRICT_OBJC_MSGSEND = YES;
				ENABLE_TESTABILITY = YES;
				GCC_C_LANGUAGE_STANDARD = gnu11;
				GCC_DYNAMIC_NO_PIC = NO;
				GCC_NO_COMMON_BLOCKS = YES;
				GCC_OPTIMIZATION_LEVEL = 0;
				GCC_PREPROCESSOR_DEFINITIONS = (
					"DEBUG=1",
					"$(inherited)",
				);
				GCC_WARN_64_TO_32_BIT_CONVERSION = YES;
				GCC_WARN_ABOUT_RETURN_TYPE = YES_ERROR;
				GCC_WARN_UNDECLARED_SELECTOR = YES;
				GCC_WARN_UNINITIALIZED_AUTOS = YES_AGGRESSIVE;
				GCC_WARN_UNUSED_FUNCTION = YES;
				GCC_WARN_UNUSED_VARIABLE = YES;
				IPHONEOS_DEPLOYMENT_TARGET = 16.4;
				MTL_ENABLE_DEBUG_INFO = INCLUDE_SOURCE;
				MTL_FAST_MATH = YES;
				ONLY_ACTIVE_ARCH = YES;
				SDKROOT = iphoneos;
				SWIFT_ACTIVE_COMPILATION_CONDITIONS = DEBUG;
				SWIFT_OPTIMIZATION_LEVEL = "-Onone";
			};
			name = Debug;
		};
		EA5F17EF2A293570007C1817 /* Release */ = {
			isa = XCBuildConfiguration;
			buildSettings = {
				ALWAYS_SEARCH_USER_PATHS = NO;
				CLANG_ANALYZER_NONNULL = YES;
				CLANG_ANALYZER_NUMBER_OBJECT_CONVERSION = YES_AGGRESSIVE;
				CLANG_CXX_LANGUAGE_STANDARD = "gnu++20";
				CLANG_ENABLE_MODULES = YES;
				CLANG_ENABLE_OBJC_ARC = YES;
				CLANG_ENABLE_OBJC_WEAK = YES;
				CLANG_WARN_BLOCK_CAPTURE_AUTORELEASING = YES;
				CLANG_WARN_BOOL_CONVERSION = YES;
				CLANG_WARN_COMMA = YES;
				CLANG_WARN_CONSTANT_CONVERSION = YES;
				CLANG_WARN_DEPRECATED_OBJC_IMPLEMENTATIONS = YES;
				CLANG_WARN_DIRECT_OBJC_ISA_USAGE = YES_ERROR;
				CLANG_WARN_DOCUMENTATION_COMMENTS = YES;
				CLANG_WARN_EMPTY_BODY = YES;
				CLANG_WARN_ENUM_CONVERSION = YES;
				CLANG_WARN_INFINITE_RECURSION = YES;
				CLANG_WARN_INT_CONVERSION = YES;
				CLANG_WARN_NON_LITERAL_NULL_CONVERSION = YES;
				CLANG_WARN_OBJC_IMPLICIT_RETAIN_SELF = YES;
				CLANG_WARN_OBJC_LITERAL_CONVERSION = YES;
				CLANG_WARN_OBJC_ROOT_CLASS = YES_ERROR;
				CLANG_WARN_QUOTED_INCLUDE_IN_FRAMEWORK_HEADER = YES;
				CLANG_WARN_RANGE_LOOP_ANALYSIS = YES;
				CLANG_WARN_STRICT_PROTOTYPES = YES;
				CLANG_WARN_SUSPICIOUS_MOVE = YES;
				CLANG_WARN_UNGUARDED_AVAILABILITY = YES_AGGRESSIVE;
				CLANG_WARN_UNREACHABLE_CODE = YES;
				CLANG_WARN__DUPLICATE_METHOD_MATCH = YES;
				COPY_PHASE_STRIP = NO;
				DEBUG_INFORMATION_FORMAT = "dwarf-with-dsym";
				ENABLE_NS_ASSERTIONS = NO;
				ENABLE_STRICT_OBJC_MSGSEND = YES;
				GCC_C_LANGUAGE_STANDARD = gnu11;
				GCC_NO_COMMON_BLOCKS = YES;
				GCC_WARN_64_TO_32_BIT_CONVERSION = YES;
				GCC_WARN_ABOUT_RETURN_TYPE = YES_ERROR;
				GCC_WARN_UNDECLARED_SELECTOR = YES;
				GCC_WARN_UNINITIALIZED_AUTOS = YES_AGGRESSIVE;
				GCC_WARN_UNUSED_FUNCTION = YES;
				GCC_WARN_UNUSED_VARIABLE = YES;
				IPHONEOS_DEPLOYMENT_TARGET = 16.4;
				MTL_ENABLE_DEBUG_INFO = NO;
				MTL_FAST_MATH = YES;
				SDKROOT = iphoneos;
				SWIFT_COMPILATION_MODE = wholemodule;
				SWIFT_OPTIMIZATION_LEVEL = "-O";
				VALIDATE_PRODUCT = YES;
			};
			name = Release;
		};
		EA5F17F12A293570007C1817 /* Debug */ = {
			isa = XCBuildConfiguration;
			buildSettings = {
				ASSETCATALOG_COMPILER_APPICON_NAME = AppIcon;
				ASSETCATALOG_COMPILER_GLOBAL_ACCENT_COLOR_NAME = AccentColor;
				CODE_SIGN_STYLE = Automatic;
				CURRENT_PROJECT_VERSION = 1;
				DEVELOPMENT_ASSET_PATHS = "\"Bowling Scores/Preview Content\"";
				ENABLE_PREVIEWS = YES;
				GENERATE_INFOPLIST_FILE = YES;
				INFOPLIST_KEY_UIApplicationSceneManifest_Generation = YES;
				INFOPLIST_KEY_UIApplicationSupportsIndirectInputEvents = YES;
				INFOPLIST_KEY_UILaunchScreen_Generation = YES;
				INFOPLIST_KEY_UISupportedInterfaceOrientations_iPad = "UIInterfaceOrientationPortrait UIInterfaceOrientationPortraitUpsideDown UIInterfaceOrientationLandscapeLeft UIInterfaceOrientationLandscapeRight";
				INFOPLIST_KEY_UISupportedInterfaceOrientations_iPhone = "UIInterfaceOrientationPortrait UIInterfaceOrientationLandscapeLeft UIInterfaceOrientationLandscapeRight";
				LD_RUNPATH_SEARCH_PATHS = (
					"$(inherited)",
					"@executable_path/Frameworks",
				);
				MARKETING_VERSION = 1.0;
				PRODUCT_BUNDLE_IDENTIFIER = "taylorshipley.Bowling-Scores";
				PRODUCT_NAME = "$(TARGET_NAME)";
				SWIFT_EMIT_LOC_STRINGS = YES;
				SWIFT_VERSION = 5.0;
				TARGETED_DEVICE_FAMILY = "1,2";
			};
			name = Debug;
		};
		EA5F17F22A293570007C1817 /* Release */ = {
			isa = XCBuildConfiguration;
			buildSettings = {
				ASSETCATALOG_COMPILER_APPICON_NAME = AppIcon;
				ASSETCATALOG_COMPILER_GLOBAL_ACCENT_COLOR_NAME = AccentColor;
				CODE_SIGN_STYLE = Automatic;
				CURRENT_PROJECT_VERSION = 1;
				DEVELOPMENT_ASSET_PATHS = "\"Bowling Scores/Preview Content\"";
				ENABLE_PREVIEWS = YES;
				GENERATE_INFOPLIST_FILE = YES;
				INFOPLIST_KEY_UIApplicationSceneManifest_Generation = YES;
				INFOPLIST_KEY_UIApplicationSupportsIndirectInputEvents = YES;
				INFOPLIST_KEY_UILaunchScreen_Generation = YES;
				INFOPLIST_KEY_UISupportedInterfaceOrientations_iPad = "UIInterfaceOrientationPortrait UIInterfaceOrientationPortraitUpsideDown UIInterfaceOrientationLandscapeLeft UIInterfaceOrientationLandscapeRight";
				INFOPLIST_KEY_UISupportedInterfaceOrientations_iPhone = "UIInterfaceOrientationPortrait UIInterfaceOrientationLandscapeLeft UIInterfaceOrientationLandscapeRight";
				LD_RUNPATH_SEARCH_PATHS = (
					"$(inherited)",
					"@executable_path/Frameworks",
				);
				MARKETING_VERSION = 1.0;
				PRODUCT_BUNDLE_IDENTIFIER = "taylorshipley.Bowling-Scores";
				PRODUCT_NAME = "$(TARGET_NAME)";
				SWIFT_EMIT_LOC_STRINGS = YES;
				SWIFT_VERSION = 5.0;
				TARGETED_DEVICE_FAMILY = "1,2";
			};
			name = Release;
		};
		EA5F17F42A293570007C1817 /* Debug */ = {
			isa = XCBuildConfiguration;
			buildSettings = {
				ALWAYS_EMBED_SWIFT_STANDARD_LIBRARIES = YES;
				BUNDLE_LOADER = "$(TEST_HOST)";
				CODE_SIGN_STYLE = Automatic;
				CURRENT_PROJECT_VERSION = 1;
				GENERATE_INFOPLIST_FILE = YES;
				IPHONEOS_DEPLOYMENT_TARGET = 16.4;
				MARKETING_VERSION = 1.0;
				PRODUCT_BUNDLE_IDENTIFIER = "taylorshipley.Bowling-ScoresTests";
				PRODUCT_NAME = "$(TARGET_NAME)";
				SWIFT_EMIT_LOC_STRINGS = NO;
				SWIFT_VERSION = 5.0;
				TARGETED_DEVICE_FAMILY = "1,2";
				TEST_HOST = "$(BUILT_PRODUCTS_DIR)/Bowling Scores.app/$(BUNDLE_EXECUTABLE_FOLDER_PATH)/Bowling Scores";
			};
			name = Debug;
		};
		EA5F17F52A293570007C1817 /* Release */ = {
			isa = XCBuildConfiguration;
			buildSettings = {
				ALWAYS_EMBED_SWIFT_STANDARD_LIBRARIES = YES;
				BUNDLE_LOADER = "$(TEST_HOST)";
				CODE_SIGN_STYLE = Automatic;
				CURRENT_PROJECT_VERSION = 1;
				GENERATE_INFOPLIST_FILE = YES;
				IPHONEOS_DEPLOYMENT_TARGET = 16.4;
				MARKETING_VERSION = 1.0;
				PRODUCT_BUNDLE_IDENTIFIER = "taylorshipley.Bowling-ScoresTests";
				PRODUCT_NAME = "$(TARGET_NAME)";
				SWIFT_EMIT_LOC_STRINGS = NO;
				SWIFT_VERSION = 5.0;
				TARGETED_DEVICE_FAMILY = "1,2";
				TEST_HOST = "$(BUILT_PRODUCTS_DIR)/Bowling Scores.app/$(BUNDLE_EXECUTABLE_FOLDER_PATH)/Bowling Scores";
			};
			name = Release;
		};
		EA5F17F72A293570007C1817 /* Debug */ = {
			isa = XCBuildConfiguration;
			buildSettings = {
				ALWAYS_EMBED_SWIFT_STANDARD_LIBRARIES = YES;
				CODE_SIGN_STYLE = Automatic;
				CURRENT_PROJECT_VERSION = 1;
				GENERATE_INFOPLIST_FILE = YES;
				MARKETING_VERSION = 1.0;
				PRODUCT_BUNDLE_IDENTIFIER = "taylorshipley.Bowling-ScoresUITests";
				PRODUCT_NAME = "$(TARGET_NAME)";
				SWIFT_EMIT_LOC_STRINGS = NO;
				SWIFT_VERSION = 5.0;
				TARGETED_DEVICE_FAMILY = "1,2";
				TEST_TARGET_NAME = "Bowling Scores";
			};
			name = Debug;
		};
		EA5F17F82A293570007C1817 /* Release */ = {
			isa = XCBuildConfiguration;
			buildSettings = {
				ALWAYS_EMBED_SWIFT_STANDARD_LIBRARIES = YES;
				CODE_SIGN_STYLE = Automatic;
				CURRENT_PROJECT_VERSION = 1;
				GENERATE_INFOPLIST_FILE = YES;
				MARKETING_VERSION = 1.0;
				PRODUCT_BUNDLE_IDENTIFIER = "taylorshipley.Bowling-ScoresUITests";
				PRODUCT_NAME = "$(TARGET_NAME)";
				SWIFT_EMIT_LOC_STRINGS = NO;
				SWIFT_VERSION = 5.0;
				TARGETED_DEVICE_FAMILY = "1,2";
				TEST_TARGET_NAME = "Bowling Scores";
			};
			name = Release;
		};
/* End XCBuildConfiguration section */

/* Begin XCConfigurationList section */
		EA5F17C72A29356F007C1817 /* Build configuration list for PBXProject "Bowling Scores" */ = {
			isa = XCConfigurationList;
			buildConfigurations = (
				EA5F17EE2A293570007C1817 /* Debug */,
				EA5F17EF2A293570007C1817 /* Release */,
			);
			defaultConfigurationIsVisible = 0;
			defaultConfigurationName = Release;
		};
		EA5F17F02A293570007C1817 /* Build configuration list for PBXNativeTarget "Bowling Scores" */ = {
			isa = XCConfigurationList;
			buildConfigurations = (
				EA5F17F12A293570007C1817 /* Debug */,
				EA5F17F22A293570007C1817 /* Release */,
			);
			defaultConfigurationIsVisible = 0;
			defaultConfigurationName = Release;
		};
		EA5F17F32A293570007C1817 /* Build configuration list for PBXNativeTarget "Bowling ScoresTests" */ = {
			isa = XCConfigurationList;
			buildConfigurations = (
				EA5F17F42A293570007C1817 /* Debug */,
				EA5F17F52A293570007C1817 /* Release */,
			);
			defaultConfigurationIsVisible = 0;
			defaultConfigurationName = Release;
		};
		EA5F17F62A293570007C1817 /* Build configuration list for PBXNativeTarget "Bowling ScoresUITests" */ = {
			isa = XCConfigurationList;
			buildConfigurations = (
				EA5F17F72A293570007C1817 /* Debug */,
				EA5F17F82A293570007C1817 /* Release */,
			);
			defaultConfigurationIsVisible = 0;
			defaultConfigurationName = Release;
		};
/* End XCConfigurationList section */
	};
	rootObject = EA5F17C42A29356F007C1817 /* Project object */;
}
